
Microsoft Visual Studio Solution File, Format Version 12.00
# Visual Studio Version 17
VisualStudioVersion = 17.4.33122.133
MinimumVisualStudioVersion = 10.0.40219.1
Project("{FAE04EC0-301F-11D3-BF4B-00C04F79EFBC}") = "MessagingClient", "MessagingClient.csproj", "{81E47CA8-7168-4DF8-A632-5278EBF3FDC6}"
EndProject
Global
	GlobalSection(SolutionConfigurationPlatforms) = preSolution
		Debug|Any CPU = Debug|Any CPU
		Release|Any CPU = Release|Any CPU
	EndGlobalSection
	GlobalSection(ProjectConfigurationPlatforms) = postSolution
		{81E47CA8-7168-4DF8-A632-5278EBF3FDC6}.Debug|Any CPU.ActiveCfg = Debug|Any CPU
		{81E47CA8-7168-4DF8-A632-5278EBF3FDC6}.Debug|Any CPU.Build.0 = Debug|Any CPU
		{81E47CA8-7168-4DF8-A632-5278EBF3FDC6}.Release|Any CPU.ActiveCfg = Release|Any CPU
		{81E47CA8-7168-4DF8-A632-5278EBF3FDC6}.Release|Any CPU.Build.0 = Release|Any CPU
	EndGlobalSection
	GlobalSection(SolutionProperties) = preSolution
		HideSolutionNode = FALSE
	EndGlobalSection
	GlobalSection(ExtensibilityGlobals) = postSolution
		SolutionGuid = {EE26E802-D968-49A0-9A12-B37094A7235A}
	EndGlobalSection
EndGlobal
