
Microsoft Visual Studio Solution File, Format Version 12.00
# Visual Studio Version 17
VisualStudioVersion = 17.4.33122.133
MinimumVisualStudioVersion = 10.0.40219.1
Project("{FAE04EC0-301F-11D3-BF4B-00C04F79EFBC}") = "WcfServiceLibrary", "WcfServiceLibrary.csproj", "{5F77D222-E3FA-49BF-BADE-544A9C80D655}"
EndProject
Global
	GlobalSection(SolutionConfigurationPlatforms) = preSolution
		Debug|Any CPU = Debug|Any CPU
		Release|Any CPU = Release|Any CPU
	EndGlobalSection
	GlobalSection(ProjectConfigurationPlatforms) = postSolution
		{5F77D222-E3FA-49BF-BADE-544A9C80D655}.Debug|Any CPU.ActiveCfg = Debug|Any CPU
		{5F77D222-E3FA-49BF-BADE-544A9C80D655}.Debug|Any CPU.Build.0 = Debug|Any CPU
		{5F77D222-E3FA-49BF-BADE-544A9C80D655}.Release|Any CPU.ActiveCfg = Release|Any CPU
		{5F77D222-E3FA-49BF-BADE-544A9C80D655}.Release|Any CPU.Build.0 = Release|Any CPU
	EndGlobalSection
	GlobalSection(SolutionProperties) = preSolution
		HideSolutionNode = FALSE
	EndGlobalSection
	GlobalSection(ExtensibilityGlobals) = postSolution
		SolutionGuid = {1C76B0E0-6183-4D48-8CF7-CCA797DFC230}
	EndGlobalSection
EndGlobal
